
Microsoft Visual Studio Solution File, Format Version 12.00
# Visual Studio Version 17
VisualStudioVersion = 17.9.34622.214
MinimumVisualStudioVersion = 10.0.40219.1
Project("{FAE04EC0-301F-11D3-BF4B-00C04F79EFBC}") = "AspCrudApp", "AspCrudApp.csproj", "{4E05FCF7-6DAC-488E-8EF1-BEC3F8D3B648}"
EndProject
Global
	GlobalSection(SolutionConfigurationPlatforms) = preSolution
		Debug|Any CPU = Debug|Any CPU
		Release|Any CPU = Release|Any CPU
	EndGlobalSection
	GlobalSection(ProjectConfigurationPlatforms) = postSolution
		{4E05FCF7-6DAC-488E-8EF1-BEC3F8D3B648}.Debug|Any CPU.ActiveCfg = Debug|Any CPU
		{4E05FCF7-6DAC-488E-8EF1-BEC3F8D3B648}.Debug|Any CPU.Build.0 = Debug|Any CPU
		{4E05FCF7-6DAC-488E-8EF1-BEC3F8D3B648}.Release|Any CPU.ActiveCfg = Release|Any CPU
		{4E05FCF7-6DAC-488E-8EF1-BEC3F8D3B648}.Release|Any CPU.Build.0 = Release|Any CPU
	EndGlobalSection
	GlobalSection(SolutionProperties) = preSolution
		HideSolutionNode = FALSE
	EndGlobalSection
	GlobalSection(ExtensibilityGlobals) = postSolution
		SolutionGuid = {4A39183E-3F49-437B-B447-D66532D9AEB4}
	EndGlobalSection
EndGlobal
